
Microsoft Visual Studio Solution File, Format Version 12.00
# Visual Studio Version 17
VisualStudioVersion = 17.8.34330.188
MinimumVisualStudioVersion = 10.0.40219.1
Project("{FAE04EC0-301F-11D3-BF4B-00C04F79EFBC}") = "Infinit.Exercise", "Infinit.Exercise.csproj", "{8DDF6FC7-BE3A-4755-83EB-A5CD10F24392}"
EndProject
Global
	GlobalSection(SolutionConfigurationPlatforms) = preSolution
		Debug|Any CPU = Debug|Any CPU
		Release|Any CPU = Release|Any CPU
	EndGlobalSection
	GlobalSection(ProjectConfigurationPlatforms) = postSolution
		{8DDF6FC7-BE3A-4755-83EB-A5CD10F24392}.Debug|Any CPU.ActiveCfg = Debug|Any CPU
		{8DDF6FC7-BE3A-4755-83EB-A5CD10F24392}.Debug|Any CPU.Build.0 = Debug|Any CPU
		{8DDF6FC7-BE3A-4755-83EB-A5CD10F24392}.Release|Any CPU.ActiveCfg = Release|Any CPU
		{8DDF6FC7-BE3A-4755-83EB-A5CD10F24392}.Release|Any CPU.Build.0 = Release|Any CPU
	EndGlobalSection
	GlobalSection(SolutionProperties) = preSolution
		HideSolutionNode = FALSE
	EndGlobalSection
	GlobalSection(ExtensibilityGlobals) = postSolution
		SolutionGuid = {CACBE2D2-C67B-4C73-9D37-34F748D23843}
	EndGlobalSection
EndGlobal
